// !$*UTF8*$!
{
	archiveVersion = 1;
	classes = {
	};
	objectVersion = 51;
	objects = {

/* Begin PBXBuildFile section */
		233BDF1B2600567900534896 /* AppDelegate.swift in Sources */ = {isa = PBXBuildFile; fileRef = 233BDF1A2600567900534896 /* AppDelegate.swift */; };
		233BDF1D2600567900534896 /* SceneDelegate.swift in Sources */ = {isa = PBXBuildFile; fileRef = 233BDF1C2600567900534896 /* SceneDelegate.swift */; };
		233BDF1F2600567900534896 /* ViewController.swift in Sources */ = {isa = PBXBuildFile; fileRef = 233BDF1E2600567900534896 /* ViewController.swift */; };
		233BDF222600567900534896 /* Main.storyboard in Resources */ = {isa = PBXBuildFile; fileRef = 233BDF202600567900534896 /* Main.storyboard */; };
		233BDF242600567D00534896 /* Assets.xcassets in Resources */ = {isa = PBXBuildFile; fileRef = 233BDF232600567D00534896 /* Assets.xcassets */; };
		233BDF272600567D00534896 /* LaunchScreen.storyboard in Resources */ = {isa = PBXBuildFile; fileRef = 233BDF252600567D00534896 /* LaunchScreen.storyboard */; };
		233BDF5826006AB000534896 /* Model.swift in Sources */ = {isa = PBXBuildFile; fileRef = 233BDF5726006AB000534896 /* Model.swift */; };
		3D29C173279FD33283C90472 /* Pods_power____.framework in Frameworks */ = {isa = PBXBuildFile; fileRef = 8297A560B28ECA01F6502695 /* Pods_power____.framework */; };
/* End PBXBuildFile section */

/* Begin PBXFileReference section */
		1486150DCA6DF76B387A30B5 /* Pods-power!!!!.release.xcconfig */ = {isa = PBXFileReference; includeInIndex = 1; lastKnownFileType = text.xcconfig; name = "Pods-power!!!!.release.xcconfig"; path = "Target Support Files/Pods-power!!!!/Pods-power!!!!.release.xcconfig"; sourceTree = "<group>"; };
		233BDF172600567900534896 /* power!!!!.app */ = {isa = PBXFileReference; explicitFileType = wrapper.application; includeInIndex = 0; path = "power!!!!.app"; sourceTree = BUILT_PRODUCTS_DIR; };
		233BDF1A2600567900534896 /* AppDelegate.swift */ = {isa = PBXFileReference; lastKnownFileType = sourcecode.swift; path = AppDelegate.swift; sourceTree = "<group>"; };
		233BDF1C2600567900534896 /* SceneDelegate.swift */ = {isa = PBXFileReference; lastKnownFileType = sourcecode.swift; path = SceneDelegate.swift; sourceTree = "<group>"; };
		233BDF1E2600567900534896 /* ViewController.swift */ = {isa = PBXFileReference; lastKnownFileType = sourcecode.swift; path = ViewController.swift; sourceTree = "<group>"; };
		233BDF212600567900534896 /* Base */ = {isa = PBXFileReference; lastKnownFileType = file.storyboard; name = Base; path = Base.lproj/Main.storyboard; sourceTree = "<group>"; };
		233BDF232600567D00534896 /* Assets.xcassets */ = {isa = PBXFileReference; lastKnownFileType = folder.assetcatalog; path = Assets.xcassets; sourceTree = "<group>"; };
		233BDF262600567D00534896 /* Base */ = {isa = PBXFileReference; lastKnownFileType = file.storyboard; name = Base; path = Base.lproj/LaunchScreen.storyboard; sourceTree = "<group>"; };
		233BDF282600567D00534896 /* Info.plist */ = {isa = PBXFileReference; lastKnownFileType = text.plist.xml; path = Info.plist; sourceTree = "<group>"; };
		233BDF5726006AB000534896 /* Model.swift */ = {isa = PBXFileReference; lastKnownFileType = sourcecode.swift; path = Model.swift; sourceTree = "<group>"; };
		8297A560B28ECA01F6502695 /* Pods_power____.framework */ = {isa = PBXFileReference; explicitFileType = wrapper.framework; includeInIndex = 0; path = "Pods_power____.framework"; sourceTree = BUILT_PRODUCTS_DIR; };
		94308D9A9B9431B694151A4D /* Pods-power!!!!.debug.xcconfig */ = {isa = PBXFileReference; includeInIndex = 1; lastKnownFileType = text.xcconfig; name = "Pods-power!!!!.debug.xcconfig"; path = "Target Support Files/Pods-power!!!!/Pods-power!!!!.debug.xcconfig"; sourceTree = "<group>"; };
/* End PBXFileReference section */

/* Begin PBXFrameworksBuildPhase section */
		233BDF142600567900534896 /* Frameworks */ = {
			isa = PBXFrameworksBuildPhase;
			buildActionMask = 2147483647;
			files = (
				3D29C173279FD33283C90472 /* Pods_power____.framework in Frameworks */,
			);
			runOnlyForDeploymentPostprocessing = 0;
		};
/* End PBXFrameworksBuildPhase section */

/* Begin PBXGroup section */
		233BDF0E2600567900534896 = {
			isa = PBXGroup;
			children = (
				233BDF192600567900534896 /* power!!!! */,
				233BDF182600567900534896 /* Products */,
				9E8B826268785A00953EE96D /* Pods */,
				B20BA9E368FCF5AA2F42F005 /* Frameworks */,
			);
			sourceTree = "<group>";
		};
		233BDF182600567900534896 /* Products */ = {
			isa = PBXGroup;
			children = (
				233BDF172600567900534896 /* power!!!!.app */,
			);
			name = Products;
			sourceTree = "<group>";
		};
		233BDF192600567900534896 /* power!!!! */ = {
			isa = PBXGroup;
			children = (
				233BDF1A2600567900534896 /* AppDelegate.swift */,
				233BDF1C2600567900534896 /* SceneDelegate.swift */,
				233BDF5726006AB000534896 /* Model.swift */,
				233BDF1E2600567900534896 /* ViewController.swift */,
				233BDF202600567900534896 /* Main.storyboard */,
				233BDF232600567D00534896 /* Assets.xcassets */,
				233BDF252600567D00534896 /* LaunchScreen.storyboard */,
				233BDF282600567D00534896 /* Info.plist */,
			);
			path = "power!!!!";
			sourceTree = "<group>";
		};
		9E8B826268785A00953EE96D /* Pods */ = {
			isa = PBXGroup;
			children = (
				94308D9A9B9431B694151A4D /* Pods-power!!!!.debug.xcconfig */,
				1486150DCA6DF76B387A30B5 /* Pods-power!!!!.release.xcconfig */,
			);
			path = Pods;
			sourceTree = "<group>";
		};
		B20BA9E368FCF5AA2F42F005 /* Frameworks */ = {
			isa = PBXGroup;
			children = (
				8297A560B28ECA01F6502695 /* Pods_power____.framework */,
			);
			name = Frameworks;
			sourceTree = "<group>";
		};
/* End PBXGroup section */

/* Begin PBXNativeTarget section */
		233BDF162600567900534896 /* power!!!! */ = {
			isa = PBXNativeTarget;
			buildConfigurationList = 233BDF2B2600567D00534896 /* Build configuration list for PBXNativeTarget "power!!!!" */;
			buildPhases = (
				D561F5F8117064ED462EDCF3 /* [CP] Check Pods Manifest.lock */,
				233BDF132600567900534896 /* Sources */,
				233BDF142600567900534896 /* Frameworks */,
				233BDF152600567900534896 /* Resources */,
				B18482A30275617BE5F4FA76 /* [CP] Embed Pods Frameworks */,
			);
			buildRules = (
			);
			dependencies = (
			);
			name = "power!!!!";
			productName = "power!!!!";
			productReference = 233BDF172600567900534896 /* power!!!!.app */;
			productType = "com.apple.product-type.application";
		};
/* End PBXNativeTarget section */

/* Begin PBXProject section */
		233BDF0F2600567900534896 /* Project object */ = {
			isa = PBXProject;
			attributes = {
				LastSwiftUpdateCheck = 1230;
				LastUpgradeCheck = 1230;
				TargetAttributes = {
					233BDF162600567900534896 = {
						CreatedOnToolsVersion = 12.3;
					};
				};
			};
			buildConfigurationList = 233BDF122600567900534896 /* Build configuration list for PBXProject "power!!!!" */;
			compatibilityVersion = "Xcode 9.3";
			developmentRegion = en;
			hasScannedForEncodings = 0;
			knownRegions = (
				en,
				Base,
			);
			mainGroup = 233BDF0E2600567900534896;
			productRefGroup = 233BDF182600567900534896 /* Products */;
			projectDirPath = "";
			projectRoot = "";
			targets = (
				233BDF162600567900534896 /* power!!!! */,
			);
		};
/* End PBXProject section */

/* Begin PBXResourcesBuildPhase section */
		233BDF152600567900534896 /* Resources */ = {
			isa = PBXResourcesBuildPhase;
			buildActionMask = 2147483647;
			files = (
				233BDF272600567D00534896 /* LaunchScreen.storyboard in Resources */,
				233BDF242600567D00534896 /* Assets.xcassets in Resources */,
				233BDF222600567900534896 /* Main.storyboard in Resources */,
			);
			runOnlyForDeploymentPostprocessing = 0;
		};
/* End PBXResourcesBuildPhase section */

/* Begin PBXShellScriptBuildPhase section */
		B18482A30275617BE5F4FA76 /* [CP] Embed Pods Frameworks */ = {
			isa = PBXShellScriptBuildPhase;
			buildActionMask = 2147483647;
			files = (
			);
			inputFileListPaths = (
				"${PODS_ROOT}/Target Support Files/Pods-power!!!!/Pods-power!!!!-frameworks-${CONFIGURATION}-input-files.xcfilelist",
			);
			name = "[CP] Embed Pods Frameworks";
			outputFileListPaths = (
				"${PODS_ROOT}/Target Support Files/Pods-power!!!!/Pods-power!!!!-frameworks-${CONFIGURATION}-output-files.xcfilelist",
			);
			runOnlyForDeploymentPostprocessing = 0;
			shellPath = /bin/sh;
			shellScript = "\"${PODS_ROOT}/Target Support Files/Pods-power!!!!/Pods-power!!!!-frameworks.sh\"\n";
			showEnvVarsInLog = 0;
		};
		D561F5F8117064ED462EDCF3 /* [CP] Check Pods Manifest.lock */ = {
			isa = PBXShellScriptBuildPhase;
			buildActionMask = 2147483647;
			files = (
			);
			inputFileListPaths = (
			);
			inputPaths = (
				"${PODS_PODFILE_DIR_PATH}/Podfile.lock",
				"${PODS_ROOT}/Manifest.lock",
			);
			name = "[CP] Check Pods Manifest.lock";
			outputFileListPaths = (
			);
			outputPaths = (
				"$(DERIVED_FILE_DIR)/Pods-power!!!!-checkManifestLockResult.txt",
			);
			runOnlyForDeploymentPostprocessing = 0;
			shellPath = /bin/sh;
			shellScript = "diff \"${PODS_PODFILE_DIR_PATH}/Podfile.lock\" \"${PODS_ROOT}/Manifest.lock\" > /dev/null\nif [ $? != 0 ] ; then\n    # print error to STDERR\n    echo \"error: The sandbox is not in sync with the Podfile.lock. Run 'pod install' or update your CocoaPods installation.\" >&2\n    exit 1\nfi\n# This output is used by Xcode 'outputs' to avoid re-running this script phase.\necho \"SUCCESS\" > \"${SCRIPT_OUTPUT_FILE_0}\"\n";
			showEnvVarsInLog = 0;
		};
/* End PBXShellScriptBuildPhase section */

/* Begin PBXSourcesBuildPhase section */
		233BDF132600567900534896 /* Sources */ = {
			isa = PBXSourcesBuildPhase;
			buildActionMask = 2147483647;
			files = (
				233BDF1F2600567900534896 /* ViewController.swift in Sources */,
				233BDF1B2600567900534896 /* AppDelegate.swift in Sources */,
				233BDF1D2600567900534896 /* SceneDelegate.swift in Sources */,
				233BDF5826006AB000534896 /* Model.swift in Sources */,
			);
			runOnlyForDeploymentPostprocessing = 0;
		};
/* End PBXSourcesBuildPhase section */

/* Begin PBXVariantGroup section */
		233BDF202600567900534896 /* Main.storyboard */ = {
			isa = PBXVariantGroup;
			children = (
				233BDF212600567900534896 /* Base */,
			);
			name = Main.storyboard;
			sourceTree = "<group>";
		};
		233BDF252600567D00534896 /* LaunchScreen.storyboard */ = {
			isa = PBXVariantGroup;
			children = (
				233BDF262600567D00534896 /* Base */,
			);
			name = LaunchScreen.storyboard;
			sourceTree = "<group>";
		};
/* End PBXVariantGroup section */

/* Begin XCBuildConfiguration section */
		233BDF292600567D00534896 /* Debug */ = {
			isa = XCBuildConfiguration;
			buildSettings = {
				ALWAYS_SEARCH_USER_PATHS = NO;
				CLANG_ANALYZER_NONNULL = YES;
				CLANG_ANALYZER_NUMBER_OBJECT_CONVERSION = YES_AGGRESSIVE;
				CLANG_CXX_LANGUAGE_STANDARD = "gnu++14";
				CLANG_CXX_LIBRARY = "libc++";
				CLANG_ENABLE_MODULES = YES;
				CLANG_ENABLE_OBJC_ARC = YES;
				CLANG_ENABLE_OBJC_WEAK = YES;
				CLANG_WARN_BLOCK_CAPTURE_AUTORELEASING = YES;
				CLANG_WARN_BOOL_CONVERSION = YES;
				CLANG_WARN_COMMA = YES;
				CLANG_WARN_CONSTANT_CONVERSION = YES;
				CLANG_WARN_DEPRECATED_OBJC_IMPLEMENTATIONS = YES;
				CLANG_WARN_DIRECT_OBJC_ISA_USAGE = YES_ERROR;
				CLANG_WARN_DOCUMENTATION_COMMENTS = YES;
				CLANG_WARN_EMPTY_BODY = YES;
				CLANG_WARN_ENUM_CONVERSION = YES;
				CLANG_WARN_INFINITE_RECURSION = YES;
				CLANG_WARN_INT_CONVERSION = YES;
				CLANG_WARN_NON_LITERAL_NULL_CONVERSION = YES;
				CLANG_WARN_OBJC_IMPLICIT_RETAIN_SELF = YES;
				CLANG_WARN_OBJC_LITERAL_CONVERSION = YES;
				CLANG_WARN_OBJC_ROOT_CLASS = YES_ERROR;
				CLANG_WARN_QUOTED_INCLUDE_IN_FRAMEWORK_HEADER = YES;
				CLANG_WARN_RANGE_LOOP_ANALYSIS = YES;
				CLANG_WARN_STRICT_PROTOTYPES = YES;
				CLANG_WARN_SUSPICIOUS_MOVE = YES;
				CLANG_WARN_UNGUARDED_AVAILABILITY = YES_AGGRESSIVE;
				CLANG_WARN_UNREACHABLE_CODE = YES;
				CLANG_WARN__DUPLICATE_METHOD_MATCH = YES;
				COPY_PHASE_STRIP = NO;
				DEBUG_INFORMATION_FORMAT = dwarf;
				ENABLE_STRICT_OBJC_MSGSEND = YES;
				ENABLE_TESTABILITY = YES;
				GCC_C_LANGUAGE_STANDARD = gnu11;
				GCC_DYNAMIC_NO_PIC = NO;
				GCC_NO_COMMON_BLOCKS = YES;
				GCC_OPTIMIZATION_LEVEL = 0;
				GCC_PREPROCESSOR_DEFINITIONS = (
					"DEBUG=1",
					"$(inherited)",
				);
				GCC_WARN_64_TO_32_BIT_CONVERSION = YES;
				GCC_WARN_ABOUT_RETURN_TYPE = YES_ERROR;
				GCC_WARN_UNDECLARED_SELECTOR = YES;
				GCC_WARN_UNINITIALIZED_AUTOS = YES_AGGRESSIVE;
				GCC_WARN_UNUSED_FUNCTION = YES;
				GCC_WARN_UNUSED_VARIABLE = YES;
				IPHONEOS_DEPLOYMENT_TARGET = 14.3;
				MTL_ENABLE_DEBUG_INFO = INCLUDE_SOURCE;
				MTL_FAST_MATH = YES;
				ONLY_ACTIVE_ARCH = YES;
				SDKROOT = iphoneos;
				SWIFT_ACTIVE_COMPILATION_CONDITIONS = DEBUG;
				SWIFT_OPTIMIZATION_LEVEL = "-Onone";
			};
			name = Debug;
		};
		233BDF2A2600567D00534896 /* Release */ = {
			isa = XCBuildConfiguration;
			buildSettings = {
				ALWAYS_SEARCH_USER_PATHS = NO;
				CLANG_ANALYZER_NONNULL = YES;
				CLANG_ANALYZER_NUMBER_OBJECT_CONVERSION = YES_AGGRESSIVE;
				CLANG_CXX_LANGUAGE_STANDARD = "gnu++14";
				CLANG_CXX_LIBRARY = "libc++";
				CLANG_ENABLE_MODULES = YES;
				CLANG_ENABLE_OBJC_ARC = YES;
				CLANG_ENABLE_OBJC_WEAK = YES;
				CLANG_WARN_BLOCK_CAPTURE_AUTORELEASING = YES;
				CLANG_WARN_BOOL_CONVERSION = YES;
				CLANG_WARN_COMMA = YES;
				CLANG_WARN_CONSTANT_CONVERSION = YES;
				CLANG_WARN_DEPRECATED_OBJC_IMPLEMENTATIONS = YES;
				CLANG_WARN_DIRECT_OBJC_ISA_USAGE = YES_ERROR;
				CLANG_WARN_DOCUMENTATION_COMMENTS = YES;
				CLANG_WARN_EMPTY_BODY = YES;
				CLANG_WARN_ENUM_CONVERSION = YES;
				CLANG_WARN_INFINITE_RECURSION = YES;
				CLANG_WARN_INT_CONVERSION = YES;
				CLANG_WARN_NON_LITERAL_NULL_CONVERSION = YES;
				CLANG_WARN_OBJC_IMPLICIT_RETAIN_SELF = YES;
				CLANG_WARN_OBJC_LITERAL_CONVERSION = YES;
				CLANG_WARN_OBJC_ROOT_CLASS = YES_ERROR;
				CLANG_WARN_QUOTED_INCLUDE_IN_FRAMEWORK_HEADER = YES;
				CLANG_WARN_RANGE_LOOP_ANALYSIS = YES;
				CLANG_WARN_STRICT_PROTOTYPES = YES;
				CLANG_WARN_SUSPICIOUS_MOVE = YES;
				CLANG_WARN_UNGUARDED_AVAILABILITY = YES_AGGRESSIVE;
				CLANG_WARN_UNREACHABLE_CODE = YES;
				CLANG_WARN__DUPLICATE_METHOD_MATCH = YES;
				COPY_PHASE_STRIP = NO;
				DEBUG_INFORMATION_FORMAT = "dwarf-with-dsym";
				ENABLE_NS_ASSERTIONS = NO;
				ENABLE_STRICT_OBJC_MSGSEND = YES;
				GCC_C_LANGUAGE_STANDARD = gnu11;
				GCC_NO_COMMON_BLOCKS = YES;
				GCC_WARN_64_TO_32_BIT_CONVERSION = YES;
				GCC_WARN_ABOUT_RETURN_TYPE = YES_ERROR;
				GCC_WARN_UNDECLARED_SELECTOR = YES;
				GCC_WARN_UNINITIALIZED_AUTOS = YES_AGGRESSIVE;
				GCC_WARN_UNUSED_FUNCTION = YES;
				GCC_WARN_UNUSED_VARIABLE = YES;
				IPHONEOS_DEPLOYMENT_TARGET = 14.3;
				MTL_ENABLE_DEBUG_INFO = NO;
				MTL_FAST_MATH = YES;
				SDKROOT = iphoneos;
				SWIFT_COMPILATION_MODE = wholemodule;
				SWIFT_OPTIMIZATION_LEVEL = "-O";
				VALIDATE_PRODUCT = YES;
			};
			name = Release;
		};
		233BDF2C2600567D00534896 /* Debug */ = {
			isa = XCBuildConfiguration;
			baseConfigurationReference = 94308D9A9B9431B694151A4D /* Pods-power!!!!.debug.xcconfig */;
			buildSettings = {
				ASSETCATALOG_COMPILER_APPICON_NAME = AppIcon;
				ASSETCATALOG_COMPILER_GLOBAL_ACCENT_COLOR_NAME = AccentColor;
				CODE_SIGN_STYLE = Automatic;
				CURRENT_PROJECT_VERSION = 4;
				DEVELOPMENT_TEAM = 32R8ZWSZ8D;
				INFOPLIST_FILE = "power!!!!/Info.plist";
				LD_RUNPATH_SEARCH_PATHS = (
					"$(inherited)",
					"@executable_path/Frameworks",
				);
				MARKETING_VERSION = 1.0.0;
				PRODUCT_BUNDLE_IDENTIFIER = team.hackz.powerbutton;
				PRODUCT_NAME = "$(TARGET_NAME)";
				SWIFT_VERSION = 5.0;
				TARGETED_DEVICE_FAMILY = "1,2";
			};
			name = Debug;
		};
		233BDF2D2600567D00534896 /* Release */ = {
			isa = XCBuildConfiguration;
			baseConfigurationReference = 1486150DCA6DF76B387A30B5 /* Pods-power!!!!.release.xcconfig */;
			buildSettings = {
				ASSETCATALOG_COMPILER_APPICON_NAME = AppIcon;
				ASSETCATALOG_COMPILER_GLOBAL_ACCENT_COLOR_NAME = AccentColor;
				CODE_SIGN_STYLE = Automatic;
				CURRENT_PROJECT_VERSION = 4;
				DEVELOPMENT_TEAM = 32R8ZWSZ8D;
				INFOPLIST_FILE = "power!!!!/Info.plist";
				LD_RUNPATH_SEARCH_PATHS = (
					"$(inherited)",
					"@executable_path/Frameworks",
				);
				MARKETING_VERSION = 1.0.0;
				PRODUCT_BUNDLE_IDENTIFIER = team.hackz.powerbutton;
				PRODUCT_NAME = "$(TARGET_NAME)";
				SWIFT_VERSION = 5.0;
				TARGETED_DEVICE_FAMILY = "1,2";
			};
			name = Release;
		};
/* End XCBuildConfiguration section */

/* Begin XCConfigurationList section */
		233BDF122600567900534896 /* Build configuration list for PBXProject "power!!!!" */ = {
			isa = XCConfigurationList;
			buildConfigurations = (
				233BDF292600567D00534896 /* Debug */,
				233BDF2A2600567D00534896 /* Release */,
			);
			defaultConfigurationIsVisible = 0;
			defaultConfigurationName = Release;
		};
		233BDF2B2600567D00534896 /* Build configuration list for PBXNativeTarget "power!!!!" */ = {
			isa = XCConfigurationList;
			buildConfigurations = (
				233BDF2C2600567D00534896 /* Debug */,
				233BDF2D2600567D00534896 /* Release */,
			);
			defaultConfigurationIsVisible = 0;
			defaultConfigurationName = Release;
		};
/* End XCConfigurationList section */
	};
	rootObject = 233BDF0F2600567900534896 /* Project object */;
}
